
Microsoft Visual Studio Solution File, Format Version 12.00
# Visual Studio 15
VisualStudioVersion = 15.0.27703.1
MinimumVisualStudioVersion = 10.0.40219.1
Project("{9A19103F-16F7-4668-BE54-9A1E7A4F7556}") = "SO.Client.Base", "SO.Client.Base\SO.Client.Base.csproj", "{2D1ADDA8-8040-4CEF-8F9A-7C93CDEC9F28}"
EndProject
Project("{9A19103F-16F7-4668-BE54-9A1E7A4F7556}") = "SO.Client.Post", "SO.Client.Post\SO.Client.Post.csproj", "{1191C7E4-FE70-4E77-92D7-FE46CB21721D}"
EndProject
Project("{9A19103F-16F7-4668-BE54-9A1E7A4F7556}") = "SO.Process.Base", "SO.Process.Base\SO.Process.Base.csproj", "{985608C8-0D0C-42AF-AC14-0DDA9CAE1450}"
EndProject
Project("{9A19103F-16F7-4668-BE54-9A1E7A4F7556}") = "SO.Process.Post", "SO.Process.Post\SO.Process.Post.csproj", "{54770A69-6748-4470-B4FD-C70A526A1BDF}"
EndProject
Global
	GlobalSection(SolutionConfigurationPlatforms) = preSolution
		Debug|Any CPU = Debug|Any CPU
		Release|Any CPU = Release|Any CPU
	EndGlobalSection
	GlobalSection(ProjectConfigurationPlatforms) = postSolution
		{2D1ADDA8-8040-4CEF-8F9A-7C93CDEC9F28}.Debug|Any CPU.ActiveCfg = Debug|Any CPU
		{2D1ADDA8-8040-4CEF-8F9A-7C93CDEC9F28}.Debug|Any CPU.Build.0 = Debug|Any CPU
		{2D1ADDA8-8040-4CEF-8F9A-7C93CDEC9F28}.Release|Any CPU.ActiveCfg = Release|Any CPU
		{2D1ADDA8-8040-4CEF-8F9A-7C93CDEC9F28}.Release|Any CPU.Build.0 = Release|Any CPU
		{1191C7E4-FE70-4E77-92D7-FE46CB21721D}.Debug|Any CPU.ActiveCfg = Debug|Any CPU
		{1191C7E4-FE70-4E77-92D7-FE46CB21721D}.Debug|Any CPU.Build.0 = Debug|Any CPU
		{1191C7E4-FE70-4E77-92D7-FE46CB21721D}.Release|Any CPU.ActiveCfg = Release|Any CPU
		{1191C7E4-FE70-4E77-92D7-FE46CB21721D}.Release|Any CPU.Build.0 = Release|Any CPU
		{985608C8-0D0C-42AF-AC14-0DDA9CAE1450}.Debug|Any CPU.ActiveCfg = Debug|Any CPU
		{985608C8-0D0C-42AF-AC14-0DDA9CAE1450}.Debug|Any CPU.Build.0 = Debug|Any CPU
		{985608C8-0D0C-42AF-AC14-0DDA9CAE1450}.Release|Any CPU.ActiveCfg = Release|Any CPU
		{985608C8-0D0C-42AF-AC14-0DDA9CAE1450}.Release|Any CPU.Build.0 = Release|Any CPU
		{54770A69-6748-4470-B4FD-C70A526A1BDF}.Debug|Any CPU.ActiveCfg = Debug|Any CPU
		{54770A69-6748-4470-B4FD-C70A526A1BDF}.Debug|Any CPU.Build.0 = Debug|Any CPU
		{54770A69-6748-4470-B4FD-C70A526A1BDF}.Release|Any CPU.ActiveCfg = Release|Any CPU
		{54770A69-6748-4470-B4FD-C70A526A1BDF}.Release|Any CPU.Build.0 = Release|Any CPU
	EndGlobalSection
	GlobalSection(SolutionProperties) = preSolution
		HideSolutionNode = FALSE
	EndGlobalSection
	GlobalSection(ExtensibilityGlobals) = postSolution
		SolutionGuid = {5DDA9EC0-0013-4D5A-9C8B-84254E006922}
	EndGlobalSection
EndGlobal
